
Microsoft Visual Studio Solution File, Format Version 12.00
# Visual Studio Version 17
VisualStudioVersion = 17.4.33213.308
MinimumVisualStudioVersion = 10.0.40219.1
Project("{FAE04EC0-301F-11D3-BF4B-00C04F79EFBC}") = "WebApi", "WebApi\WebApi.csproj", "{C0879016-56FB-408A-AD6B-5B7C1097FCD8}"
EndProject
Project("{FAE04EC0-301F-11D3-BF4B-00C04F79EFBC}") = "Business_Access_Layer", "Business_Access_Layer\Business_Access_Layer.csproj", "{B128AD7B-2E8A-4E86-BD25-B3897CD08773}"
EndProject
Project("{FAE04EC0-301F-11D3-BF4B-00C04F79EFBC}") = "Data_Access_Layer", "Data_Access_Layer\Data_Access_Layer.csproj", "{710C37E7-97FC-4E21-AB8C-5FFA5497F07C}"
EndProject
Global
	GlobalSection(SolutionConfigurationPlatforms) = preSolution
		Debug|Any CPU = Debug|Any CPU
		Release|Any CPU = Release|Any CPU
	EndGlobalSection
	GlobalSection(ProjectConfigurationPlatforms) = postSolution
		{C0879016-56FB-408A-AD6B-5B7C1097FCD8}.Debug|Any CPU.ActiveCfg = Debug|Any CPU
		{C0879016-56FB-408A-AD6B-5B7C1097FCD8}.Debug|Any CPU.Build.0 = Debug|Any CPU
		{C0879016-56FB-408A-AD6B-5B7C1097FCD8}.Release|Any CPU.ActiveCfg = Release|Any CPU
		{C0879016-56FB-408A-AD6B-5B7C1097FCD8}.Release|Any CPU.Build.0 = Release|Any CPU
		{B128AD7B-2E8A-4E86-BD25-B3897CD08773}.Debug|Any CPU.ActiveCfg = Debug|Any CPU
		{B128AD7B-2E8A-4E86-BD25-B3897CD08773}.Debug|Any CPU.Build.0 = Debug|Any CPU
		{B128AD7B-2E8A-4E86-BD25-B3897CD08773}.Release|Any CPU.ActiveCfg = Release|Any CPU
		{B128AD7B-2E8A-4E86-BD25-B3897CD08773}.Release|Any CPU.Build.0 = Release|Any CPU
		{710C37E7-97FC-4E21-AB8C-5FFA5497F07C}.Debug|Any CPU.ActiveCfg = Debug|Any CPU
		{710C37E7-97FC-4E21-AB8C-5FFA5497F07C}.Debug|Any CPU.Build.0 = Debug|Any CPU
		{710C37E7-97FC-4E21-AB8C-5FFA5497F07C}.Release|Any CPU.ActiveCfg = Release|Any CPU
		{710C37E7-97FC-4E21-AB8C-5FFA5497F07C}.Release|Any CPU.Build.0 = Release|Any CPU
	EndGlobalSection
	GlobalSection(SolutionProperties) = preSolution
		HideSolutionNode = FALSE
	EndGlobalSection
	GlobalSection(ExtensibilityGlobals) = postSolution
		SolutionGuid = {A76A4E22-0306-47CF-905B-03CA48A19777}
	EndGlobalSection
EndGlobal
